Microsoft Visual Studio Solution File, Format Version 12.00
# Visual Studio Version 17
VisualStudioVersion = 17.5.2.0
MinimumVisualStudioVersion = 10.0.40219.1
Project("{FAE04EC0-301F-11D3-BF4B-00C04F79EFBC}") = "ClinicaDental Backend", "ClinicaDental Backend\ClinicaDental Backend.csproj", "{87DABD6B-89D2-2404-54D6-32C5B2C19223}"
EndProject
Global
	GlobalSection(SolutionConfigurationPlatforms) = preSolution
		Debug|Any CPU = Debug|Any CPU
		Release|Any CPU = Release|Any CPU
	EndGlobalSection
	GlobalSection(ProjectConfigurationPlatforms) = postSolution
		{87DABD6B-89D2-2404-54D6-32C5B2C19223}.Debug|Any CPU.ActiveCfg = Debug|Any CPU
		{87DABD6B-89D2-2404-54D6-32C5B2C19223}.Debug|Any CPU.Build.0 = Debug|Any CPU
		{87DABD6B-89D2-2404-54D6-32C5B2C19223}.Release|Any CPU.ActiveCfg = Release|Any CPU
		{87DABD6B-89D2-2404-54D6-32C5B2C19223}.Release|Any CPU.Build.0 = Release|Any CPU
	EndGlobalSection
	GlobalSection(SolutionProperties) = preSolution
		HideSolutionNode = FALSE
	EndGlobalSection
	GlobalSection(ExtensibilityGlobals) = postSolution
		SolutionGuid = {8DC9B4B9-2687-4507-B8BC-3079C6C0849B}
	EndGlobalSection
EndGlobal
